{
    "_meta": {
        "hash": {
            "sha256": "55f279347e62c27593232b8f58aa14a7113c3770e2fb66d774ee0dd079e3469b"
        },
        "pipfile-spec": 6,
        "requires": {
            "python_version": "3.9"
        },
        "sources": [
            {
                "name": "pypi",
                "url": "https://pypi.org/simple",
                "verify_ssl": true
            }
        ]
    },
    "default": {
        "altgraph": {
            "hashes": [
                "sha256:743628f2ac6a7c26f5d9223c91ed8ecbba535f506f4b6f558885a8a56a105857",
                "sha256:ebf2269361b47d97b3b88e696439f6e4cbc607c17c51feb1754f90fb79839158"
            ],
            "version": "==0.17.2"
        },
        "certifi": {
            "hashes": [
                "sha256:84c85a9078b11105f04f3036a9482ae10e4621616db313fe045dd24743a0820d",
                "sha256:fe86415d55e84719d75f8b69414f6438ac3547d2078ab91b67e779ef69378412"
            ],
            "markers": "python_full_version >= '3.6.0'",
            "version": "==2022.6.15"
        },
        "charset-normalizer": {
            "hashes": [
                "sha256:5a3d016c7c547f69d6f81fb0db9449ce888b418b5b9952cc5e6e66843e9dd845",
                "sha256:83e9a75d1911279afd89352c68b45348559d1fc0506b054b346651b5e7fee29f"
            ],
            "markers": "python_full_version >= '3.6.0'",
            "version": "==2.1.1"
        },
        "future": {
            "hashes": [
                "sha256:b1bead90b70cf6ec3f0710ae53a525360fa360d306a86583adc6bf83a4db537d"
            ],
            "markers": "python_version >= '2.6' and python_version not in '3.0, 3.1, 3.2, 3.3'",
            "version": "==0.18.2"
        },
        "idna": {
            "hashes": [
                "sha256:84d9dd047ffa80596e0f246e2eab0b391788b0503584e8945f2368256d2735ff",
                "sha256:9d643ff0a55b762d5cdb124b8eaa99c66322e2157b69160bc32796e824360e6d"
            ],
            "markers": "python_version >= '3.5'",
            "version": "==3.3"
        },
        "pefile": {
            "hashes": [
                "sha256:a5488a3dd1fd021ce33f969780b88fe0f7eebb76eb20996d7318f307612a045b"
            ],
            "markers": "sys_platform == 'win32'",
            "version": "==2022.5.30"
        },
        "pyinstaller": {
            "hashes": [
                "sha256:03984eed0baa252ea9854eb0785a1c40ac033c5c28d3abdae7d820da734aed5a",
                "sha256:1061f7a6de055007949ec9ad1c6a080b93e102b2a288c8ff88f65e5d7716d4aa",
                "sha256:4def5b6433b4233b2b53ef92ac351788edb11e4d1e08123b9c90e21a7b310a41",
                "sha256:5d170f7c4c402c820b4c5cf7fde61dd9741bf0456342b19b207e29041d75aa30",
                "sha256:5efc1b3ffb13fe50a51305fe57fb9e6e7bce00d009c16dd3cb76ea4d702a04ab",
                "sha256:60c53ba54651f22f75dce2bcf49f0a1bcd03c729ced15f2efabad28e0ea0c938",
                "sha256:6ecce857491bc4f477fcbde1b430d63b957d99bc511fa7e79136c07f831fc505",
                "sha256:9d44f331f96fa0ef556cf5304f8b906ca20f55503ddd7aa2a914e87bc58e2cc9",
                "sha256:a21c07dd026bc127684e7a451320bf59cac2c85bea4cb412f7193876ad741d58",
                "sha256:dda3a4787fa4498bb9e688f81bed918f061bd583c8ff0e47881a5422a4b2093b",
                "sha256:f10b19ad4f66ccad16574ff1979cc15e1ea010f8577292500125dd45abcd8303"
            ],
            "index": "pypi",
            "version": "==5.2"
        },
        "pyinstaller-hooks-contrib": {
            "hashes": [
                "sha256:d1dd6ea059dc30e77813cc12a5efa8b1d228e7da8f5b884fe11775f946db1784",
                "sha256:e5edd4094175e78c178ef987b61be19efff6caa23d266ade456fc753e847f62e"
            ],
            "markers": "python_version >= '3.7'",
            "version": "==2022.10"
        },
        "pywin32-ctypes": {
            "hashes": [
                "sha256:24ffc3b341d457d48e8922352130cf2644024a4ff09762a2261fd34c36ee5942",
                "sha256:9dc2d991b3479cc2df15930958b674a48a227d5361d413827a4cfd0b5876fc98"
            ],
            "markers": "sys_platform == 'win32'",
            "version": "==0.2.0"
        },
        "pyzmq": {
            "hashes": [
                "sha256:022cf5ea7bcaa8a06a03c2706e0ae66904b6138b2155577cd34c64bc7cc637ab",
                "sha256:044447ae4b2016a6b8697571fd633f799f860b19b76c4a2fd9b1140d52ee6745",
                "sha256:07ed8aaf7ffe150af873269690cc654ffeca7491f62aae0f3821baa181f8d5fe",
                "sha256:10d1910ec381b851aeb024a042a13db178cb1edf125e76a4e9d2548ad103aadb",
                "sha256:12e62ff0d5223ec09b597ab6d73858b9f64a51221399f3cb08aa495e1dff7935",
                "sha256:1f368a82b29f80071781b20663c0fc0c8f6b13273f9f5abe1526af939534f90f",
                "sha256:20bafc4095eab00f41a510579363a3f5e1f5c69d7ee10f1d88895c4df0259183",
                "sha256:2141e6798d5981be04c08996d27962086a1aa3ea536fe9cf7e89817fd4523f86",
                "sha256:23e708fbfdf4ee3107422b69ca65da1b9f056b431fc0888096a8c1d6cd908e8f",
                "sha256:28dbdb90b2f6b131f8f10e6081012e4e25234213433420e67e0c1162de537113",
                "sha256:29b74774a0bfd3c4d98ac853f0bdca55bd9ec89d5b0def5486407cca54472ef8",
                "sha256:2b381aa867ece7d0a82f30a0c7f3d4387b7cf2e0697e33efaa5bed6c5784abcd",
                "sha256:2f67b63f53c6994d601404fd1a329e6d940ac3dd1d92946a93b2b9c70df67b9f",
                "sha256:342ca3077f47ec2ee41b9825142b614e03e026347167cbc72a59b618c4f6106c",
                "sha256:35e635343ff367f697d00fa1484262bb68e36bc74c9b80737eac5a1e04c4e1b1",
                "sha256:385609812eafd9970c3752c51f2f6c4f224807e3e441bcfd8c8273877d00c8a8",
                "sha256:38e106b64bad744fe469dc3dd864f2764d66399178c1bf39d45294cc7980f14f",
                "sha256:39dd252b683816935702825e5bf775df16090619ced9bb4ba68c2d0b6f0c9b18",
                "sha256:407f909c4e8fde62fbdad9ebd448319792258cc0550c2815567a4d9d8d9e6d18",
                "sha256:415ff62ac525d9add1e3550430a09b9928d2d24a20cc4ce809e67caac41219ab",
                "sha256:4805af9614b0b41b7e57d17673459facf85604dac502a5a9244f6e8c9a4de658",
                "sha256:48400b96788cdaca647021bf19a9cd668384f46e4d9c55cf045bdd17f65299c8",
                "sha256:49d30ba7074f469e8167917abf9eb854c6503ae10153034a6d4df33618f1db5f",
                "sha256:4bb798bef181648827019001f6be43e1c48b34b477763b37a8d27d8c06d197b8",
                "sha256:4d6f110c56f7d5b4d64dde3a382ae61b6d48174e30742859d8e971b18b6c9e5c",
                "sha256:55568a020ad2cae9ae36da6058e7ca332a56df968f601cbdb7cf6efb2a77579a",
                "sha256:565bd5ab81f6964fc4067ccf2e00877ad0fa917308975694bbb54378389215f8",
                "sha256:5c558b50402fca1acc94329c5d8f12aa429738904a5cfb32b9ed3c61235221bb",
                "sha256:5e05492be125dce279721d6b54fd1b956546ecc4bcdfcf8e7b4c413bc0874c10",
                "sha256:624fd38071a817644acdae075b92a23ea0bdd126a58148288e8284d23ec361ce",
                "sha256:650389bbfca73955b262b2230423d89992f38ec48033307ae80e700eaa2fbb63",
                "sha256:67975a9e1237b9ccc78f457bef17691bbdd2055a9d26e81ee914ba376846d0ce",
                "sha256:6b1e79bba24f6df1712e3188d5c32c480d8eda03e8ecff44dc8ecb0805fa62f3",
                "sha256:6fd5d0d50cbcf4bc376861529a907bed026a4cbe8c22a500ff8243231ef02433",
                "sha256:71b32a1e827bdcbf73750e60370d3b07685816ff3d8695f450f0f8c3226503f8",
                "sha256:794871988c34727c7f79bdfe2546e6854ae1fa2e1feb382784f23a9c6c63ecb3",
                "sha256:79a87831b47a9f6161ad23fa5e89d5469dc585abc49f90b9b07fea8905ae1234",
                "sha256:7e0113d70b095339e99bb522fe7294f5ae6a7f3b2b8f52f659469a74b5cc7661",
                "sha256:84678153432241bcdca2210cf4ff83560b200556867aea913ffbb960f5d5f340",
                "sha256:8a68f57b7a3f7b6b52ada79876be1efb97c8c0952423436e84d70cc139f16f0d",
                "sha256:8c02a0cd39dc01659b3d6cb70bb3a41aebd9885fd78239acdd8d9c91351c4568",
                "sha256:8c842109d31a9281d678f668629241c405928afbebd913c48a5a8e7aee61f63d",
                "sha256:8dc66f109a245653b19df0f44a5af7a3f14cb8ad6c780ead506158a057bd36ce",
                "sha256:90d88f9d9a2ae6cfb1dc4ea2d1710cdf6456bc1b9a06dd1bb485c5d298f2517e",
                "sha256:9269fbfe3a4eb2009199120861c4571ef1655fdf6951c3e7f233567c94e8c602",
                "sha256:929d548b74c0f82f7f95b54e4a43f9e4ce2523cfb8a54d3f7141e45652304b2a",
                "sha256:99a5a77a10863493a1ee8dece02578c6b32025fb3afff91b40476bc489e81648",
                "sha256:9a39ddb0431a68954bd318b923230fa5b649c9c62b0e8340388820c5f1b15bd2",
                "sha256:9d0ab2936085c85a1fc6f9fd8f89d5235ae99b051e90ec5baa5e73ad44346e1f",
                "sha256:9e5bf6e7239fc9687239de7a283aa8b801ab85371116045b33ae20132a1325d6",
                "sha256:a0f09d85c45f58aa8e715b42f8b26beba68b3b63a8f7049113478aca26efbc30",
                "sha256:a114992a193577cb62233abf8cb2832970f9975805a64740e325d2f895e7f85a",
                "sha256:a3fd44b5046d247e7f0f1660bcafe7b5fb0db55d0934c05dd57dda9e1f823ce7",
                "sha256:ad28ddb40db8e450d7d4bf8a1d765d3f87b63b10e7e9a825a3c130c6371a8c03",
                "sha256:aecd6ceaccc4b594e0092d6513ef3f1c0fa678dd89f86bb8ff1a47014b8fca35",
                "sha256:b815991c7d024bf461f358ad871f2be1135576274caed5749c4828859e40354e",
                "sha256:b861db65f6b8906c8d6db51dde2448f266f0c66bf28db2c37aea50f58a849859",
                "sha256:c3ebf1668664d20c8f7d468955f18379b7d1f7bc8946b13243d050fa3888c7ff",
                "sha256:c56b1a62a1fb87565343c57b6743fd5da6e138b8c6562361d7d9b5ce4acf399a",
                "sha256:c780acddd2934c6831ff832ecbf78a45a7b62d4eb216480f863854a8b7d54fa7",
                "sha256:c890309296f53f9aa32ffcfc51d805705e1982bffd27c9692a8f1e1b8de279f4",
                "sha256:c9cfaf530e6a7ff65f0afe275e99f983f68b54dfb23ea401f0bc297a632766b6",
                "sha256:d904f6595acfaaf99a1a61881fea068500c40374d263e5e073aa4005e5f9c28a",
                "sha256:e06747014a5ad1b28cebf5bc1ddcdaccfb44e9b441d35e6feb1286c8a72e54be",
                "sha256:e1fe30bcd5aea5948c42685fad910cd285eacb2518ea4dc6c170d6b535bee95d",
                "sha256:e753eee6d3b93c5354e8ba0a1d62956ee49355f0a36e00570823ef64e66183f5",
                "sha256:ec9803aca9491fd6f0d853d2a6147f19f8deaaa23b1b713d05c5d09e56ea7142",
                "sha256:efb9e38b2a590282704269585de7eb33bf43dc294cad092e1b172e23d4c217e5",
                "sha256:f07016e3cf088dbfc6e7c5a7b3f540db5c23b0190d539e4fd3e2b5e6beffa4b5",
                "sha256:f392cbea531b7142d1958c0d4a0c9c8d760dc451e5848d8dd3387804d3e3e62c",
                "sha256:f619fd38fc2641abfb53cca719c165182500600b82c695cc548a0f05f764be05",
                "sha256:fefdf9b685fda4141b95ebec975946076a5e0723ff70b037032b2085c5317684",
                "sha256:ffc6b1623d0f9affb351db4ca61f432dca3628a5ee015f9bf2bfbe9c6836881c"
            ],
            "index": "pypi",
            "version": "==23.2.1"
        },
        "requests": {
            "hashes": [
                "sha256:7c5599b102feddaa661c826c56ab4fee28bfd17f5abca1ebbe3e7f19d7c97983",
                "sha256:8fefa2a1a1365bf5520aac41836fbee479da67864514bdb821f31ce07ce65349"
            ],
            "index": "pypi",
            "version": "==2.28.1"
        },
        "tkinterdnd2": {
            "hashes": [
                "sha256:cb9d72634c42ff2e5a6e34823ef02f7722a5b6ad5cec5e1de82ec8f0c371a614",
                "sha256:ef3ff4894c75e21ddc3252eb6d1292670824bf20240b9e82da9240631bbe63fe"
            ],
            "index": "pypi",
            "version": "==0.3.0"
        },
        "urllib3": {
            "hashes": [
                "sha256:3fa96cf423e6987997fc326ae8df396db2a8b7c667747d47ddd8ecba91f4a74e",
                "sha256:b930dd878d5a8afb066a637fbb35144fe7901e3b209d1cd4f524bd0e9deee997"
            ],
            "markers": "python_version >= '2.7' and python_version not in '3.0, 3.1, 3.2, 3.3, 3.4, 3.5' and python_version < '4'",
            "version": "==1.26.12"
        }
    },
    "develop": {}
}
